// !$*UTF8*$!
{
	archiveVersion = 1;
	classes = {
	};
	objectVersion = 46;
	objects = {

/* Begin PBXBuildFile section */
		98148EAD1ECDCED400B1664B /* Calculator.m in Sources */ = {isa = PBXBuildFile; fileRef = 98148EAC1ECDCED400B1664B /* Calculator.m */; };
		986CE5461ECD9AE5002A4386 /* AboutUsViewController.m in Sources */ = {isa = PBXBuildFile; fileRef = 986CE5441ECD9AE5002A4386 /* AboutUsViewController.m */; };
		986CE5471ECD9AE5002A4386 /* AboutUsViewController.xib in Resources */ = {isa = PBXBuildFile; fileRef = 986CE5451ECD9AE5002A4386 /* AboutUsViewController.xib */; };
		986CE54C1ECD9D64002A4386 /* LicenseViewController.m in Sources */ = {isa = PBXBuildFile; fileRef = 986CE54A1ECD9D64002A4386 /* LicenseViewController.m */; };
		986CE54D1ECD9D64002A4386 /* LicenseViewController.xib in Resources */ = {isa = PBXBuildFile; fileRef = 986CE54B1ECD9D64002A4386 /* LicenseViewController.xib */; };
		98BB18121EC4E6A200641973 /* main.m in Sources */ = {isa = PBXBuildFile; fileRef = 98BB18111EC4E6A200641973 /* main.m */; };
		98BB18151EC4E6A200641973 /* AppDelegate.m in Sources */ = {isa = PBXBuildFile; fileRef = 98BB18141EC4E6A200641973 /* AppDelegate.m */; };
		98BB18181EC4E6A200641973 /* CalculatorViewController.m in Sources */ = {isa = PBXBuildFile; fileRef = 98BB18171EC4E6A200641973 /* CalculatorViewController.m */; };
		98BB181B1EC4E6A200641973 /* Main.storyboard in Resources */ = {isa = PBXBuildFile; fileRef = 98BB18191EC4E6A200641973 /* Main.storyboard */; };
		98BB181D1EC4E6A200641973 /* Assets.xcassets in Resources */ = {isa = PBXBuildFile; fileRef = 98BB181C1EC4E6A200641973 /* Assets.xcassets */; };
		98BB18201EC4E6A200641973 /* LaunchScreen.storyboard in Resources */ = {isa = PBXBuildFile; fileRef = 98BB181E1EC4E6A200641973 /* LaunchScreen.storyboard */; };
/* End PBXBuildFile section */

/* Begin PBXFileReference section */
		98148EAB1ECDCED400B1664B /* Calculator.h */ = {isa = PBXFileReference; fileEncoding = 4; lastKnownFileType = sourcecode.c.h; path = Calculator.h; sourceTree = "<group>"; };
		98148EAC1ECDCED400B1664B /* Calculator.m */ = {isa = PBXFileReference; fileEncoding = 4; lastKnownFileType = sourcecode.c.objc; path = Calculator.m; sourceTree = "<group>"; };
		986CE5431ECD9AE5002A4386 /* AboutUsViewController.h */ = {isa = PBXFileReference; fileEncoding = 4; lastKnownFileType = sourcecode.c.h; path = AboutUsViewController.h; sourceTree = "<group>"; };
		986CE5441ECD9AE5002A4386 /* AboutUsViewController.m */ = {isa = PBXFileReference; fileEncoding = 4; lastKnownFileType = sourcecode.c.objc; path = AboutUsViewController.m; sourceTree = "<group>"; };
		986CE5451ECD9AE5002A4386 /* AboutUsViewController.xib */ = {isa = PBXFileReference; fileEncoding = 4; lastKnownFileType = file.xib; path = AboutUsViewController.xib; sourceTree = "<group>"; };
		986CE5491ECD9D64002A4386 /* LicenseViewController.h */ = {isa = PBXFileReference; fileEncoding = 4; lastKnownFileType = sourcecode.c.h; path = LicenseViewController.h; sourceTree = "<group>"; };
		986CE54A1ECD9D64002A4386 /* LicenseViewController.m */ = {isa = PBXFileReference; fileEncoding = 4; lastKnownFileType = sourcecode.c.objc; path = LicenseViewController.m; sourceTree = "<group>"; };
		986CE54B1ECD9D64002A4386 /* LicenseViewController.xib */ = {isa = PBXFileReference; fileEncoding = 4; lastKnownFileType = file.xib; path = LicenseViewController.xib; sourceTree = "<group>"; };
		98BB180D1EC4E6A200641973 /* CalculatorUI.app */ = {isa = PBXFileReference; explicitFileType = wrapper.application; includeInIndex = 0; path = CalculatorUI.app; sourceTree = BUILT_PRODUCTS_DIR; };
		98BB18111EC4E6A200641973 /* main.m */ = {isa = PBXFileReference; lastKnownFileType = sourcecode.c.objc; path = main.m; sourceTree = "<group>"; };
		98BB18131EC4E6A200641973 /* AppDelegate.h */ = {isa = PBXFileReference; lastKnownFileType = sourcecode.c.h; path = AppDelegate.h; sourceTree = "<group>"; };
		98BB18141EC4E6A200641973 /* AppDelegate.m */ = {isa = PBXFileReference; lastKnownFileType = sourcecode.c.objc; path = AppDelegate.m; sourceTree = "<group>"; };
		98BB18161EC4E6A200641973 /* CalculatorViewController.h */ = {isa = PBXFileReference; lastKnownFileType = sourcecode.c.h; path = CalculatorViewController.h; sourceTree = "<group>"; };
		98BB18171EC4E6A200641973 /* CalculatorViewController.m */ = {isa = PBXFileReference; lastKnownFileType = sourcecode.c.objc; path = CalculatorViewController.m; sourceTree = "<group>"; };
		98BB181A1EC4E6A200641973 /* Base */ = {isa = PBXFileReference; lastKnownFileType = file.storyboard; name = Base; path = Base.lproj/Main.storyboard; sourceTree = "<group>"; };
		98BB181C1EC4E6A200641973 /* Assets.xcassets */ = {isa = PBXFileReference; lastKnownFileType = folder.assetcatalog; path = Assets.xcassets; sourceTree = "<group>"; };
		98BB181F1EC4E6A200641973 /* Base */ = {isa = PBXFileReference; lastKnownFileType = file.storyboard; name = Base; path = Base.lproj/LaunchScreen.storyboard; sourceTree = "<group>"; };
		98BB18211EC4E6A300641973 /* Info.plist */ = {isa = PBXFileReference; lastKnownFileType = text.plist.xml; path = Info.plist; sourceTree = "<group>"; };
/* End PBXFileReference section */

/* Begin PBXFrameworksBuildPhase section */
		98BB180A1EC4E6A200641973 /* Frameworks */ = {
			isa = PBXFrameworksBuildPhase;
			buildActionMask = 2147483647;
			files = (
			);
			runOnlyForDeploymentPostprocessing = 0;
		};
/* End PBXFrameworksBuildPhase section */

/* Begin PBXGroup section */
		98148EAA1ECDCB4F00B1664B /* Model */ = {
			isa = PBXGroup;
			children = (
				98148EAB1ECDCED400B1664B /* Calculator.h */,
				98148EAC1ECDCED400B1664B /* Calculator.m */,
			);
			name = Model;
			sourceTree = "<group>";
		};
		986CE5481ECD9CF6002A4386 /* About */ = {
			isa = PBXGroup;
			children = (
				986CE5431ECD9AE5002A4386 /* AboutUsViewController.h */,
				986CE5441ECD9AE5002A4386 /* AboutUsViewController.m */,
				986CE5451ECD9AE5002A4386 /* AboutUsViewController.xib */,
				986CE5491ECD9D64002A4386 /* LicenseViewController.h */,
				986CE54A1ECD9D64002A4386 /* LicenseViewController.m */,
				986CE54B1ECD9D64002A4386 /* LicenseViewController.xib */,
			);
			name = About;
			sourceTree = "<group>";
		};
		98BB18041EC4E6A200641973 = {
			isa = PBXGroup;
			children = (
				98BB180F1EC4E6A200641973 /* CalculatorUI */,
				98BB180E1EC4E6A200641973 /* Products */,
			);
			sourceTree = "<group>";
		};
		98BB180E1EC4E6A200641973 /* Products */ = {
			isa = PBXGroup;
			children = (
				98BB180D1EC4E6A200641973 /* CalculatorUI.app */,
			);
			name = Products;
			sourceTree = "<group>";
		};
		98BB180F1EC4E6A200641973 /* CalculatorUI */ = {
			isa = PBXGroup;
			children = (
				98148EAA1ECDCB4F00B1664B /* Model */,
				98BB18131EC4E6A200641973 /* AppDelegate.h */,
				98BB18161EC4E6A200641973 /* CalculatorViewController.h */,
				98BB18171EC4E6A200641973 /* CalculatorViewController.m */,
				98BB18141EC4E6A200641973 /* AppDelegate.m */,
				98BB18191EC4E6A200641973 /* Main.storyboard */,
				98BB181C1EC4E6A200641973 /* Assets.xcassets */,
				98BB181E1EC4E6A200641973 /* LaunchScreen.storyboard */,
				98BB18211EC4E6A300641973 /* Info.plist */,
				98BB18101EC4E6A200641973 /* Supporting Files */,
				986CE5481ECD9CF6002A4386 /* About */,
			);
			path = CalculatorUI;
			sourceTree = "<group>";
		};
		98BB18101EC4E6A200641973 /* Supporting Files */ = {
			isa = PBXGroup;
			children = (
				98BB18111EC4E6A200641973 /* main.m */,
			);
			name = "Supporting Files";
			sourceTree = "<group>";
		};
/* End PBXGroup section */

/* Begin PBXNativeTarget section */
		98BB180C1EC4E6A200641973 /* CalculatorUI */ = {
			isa = PBXNativeTarget;
			buildConfigurationList = 98BB18241EC4E6A300641973 /* Build configuration list for PBXNativeTarget "CalculatorUI" */;
			buildPhases = (
				98BB18091EC4E6A200641973 /* Sources */,
				98BB180A1EC4E6A200641973 /* Frameworks */,
				98BB180B1EC4E6A200641973 /* Resources */,
			);
			buildRules = (
			);
			dependencies = (
			);
			name = CalculatorUI;
			productName = CalculatorUI;
			productReference = 98BB180D1EC4E6A200641973 /* CalculatorUI.app */;
			productType = "com.apple.product-type.application";
		};
/* End PBXNativeTarget section */

/* Begin PBXProject section */
		98BB18051EC4E6A200641973 /* Project object */ = {
			isa = PBXProject;
			attributes = {
				LastUpgradeCheck = 0830;
				ORGANIZATIONNAME = "Mikhail Yaskou";
				TargetAttributes = {
					98BB180C1EC4E6A200641973 = {
						CreatedOnToolsVersion = 8.3.1;
						DevelopmentTeam = USB64ZNNP6;
						ProvisioningStyle = Automatic;
					};
				};
			};
			buildConfigurationList = 98BB18081EC4E6A200641973 /* Build configuration list for PBXProject "CalculatorUI" */;
			compatibilityVersion = "Xcode 3.2";
			developmentRegion = English;
			hasScannedForEncodings = 0;
			knownRegions = (
				en,
				Base,
			);
			mainGroup = 98BB18041EC4E6A200641973;
			productRefGroup = 98BB180E1EC4E6A200641973 /* Products */;
			projectDirPath = "";
			projectRoot = "";
			targets = (
				98BB180C1EC4E6A200641973 /* CalculatorUI */,
			);
		};
/* End PBXProject section */

/* Begin PBXResourcesBuildPhase section */
		98BB180B1EC4E6A200641973 /* Resources */ = {
			isa = PBXResourcesBuildPhase;
			buildActionMask = 2147483647;
			files = (
				98BB18201EC4E6A200641973 /* LaunchScreen.storyboard in Resources */,
				98BB181D1EC4E6A200641973 /* Assets.xcassets in Resources */,
				98BB181B1EC4E6A200641973 /* Main.storyboard in Resources */,
				986CE54D1ECD9D64002A4386 /* LicenseViewController.xib in Resources */,
				986CE5471ECD9AE5002A4386 /* AboutUsViewController.xib in Resources */,
			);
			runOnlyForDeploymentPostprocessing = 0;
		};
/* End PBXResourcesBuildPhase section */

/* Begin PBXSourcesBuildPhase section */
		98BB18091EC4E6A200641973 /* Sources */ = {
			isa = PBXSourcesBuildPhase;
			buildActionMask = 2147483647;
			files = (
				98BB18181EC4E6A200641973 /* CalculatorViewController.m in Sources */,
				98BB18151EC4E6A200641973 /* AppDelegate.m in Sources */,
				98148EAD1ECDCED400B1664B /* Calculator.m in Sources */,
				986CE54C1ECD9D64002A4386 /* LicenseViewController.m in Sources */,
				98BB18121EC4E6A200641973 /* main.m in Sources */,
				986CE5461ECD9AE5002A4386 /* AboutUsViewController.m in Sources */,
			);
			runOnlyForDeploymentPostprocessing = 0;
		};
/* End PBXSourcesBuildPhase section */

/* Begin PBXVariantGroup section */
		98BB18191EC4E6A200641973 /* Main.storyboard */ = {
			isa = PBXVariantGroup;
			children = (
				98BB181A1EC4E6A200641973 /* Base */,
			);
			name = Main.storyboard;
			sourceTree = "<group>";
		};
		98BB181E1EC4E6A200641973 /* LaunchScreen.storyboard */ = {
			isa = PBXVariantGroup;
			children = (
				98BB181F1EC4E6A200641973 /* Base */,
			);
			name = LaunchScreen.storyboard;
			sourceTree = "<group>";
		};
/* End PBXVariantGroup section */

/* Begin XCBuildConfiguration section */
		98BB18221EC4E6A300641973 /* Debug */ = {
			isa = XCBuildConfiguration;
			buildSettings = {
				ALWAYS_SEARCH_USER_PATHS = NO;
				CLANG_ANALYZER_NONNULL = YES;
				CLANG_ANALYZER_NUMBER_OBJECT_CONVERSION = YES_AGGRESSIVE;
				CLANG_CXX_LANGUAGE_STANDARD = "gnu++0x";
				CLANG_CXX_LIBRARY = "libc++";
				CLANG_ENABLE_MODULES = YES;
				CLANG_ENABLE_OBJC_ARC = NO;
				CLANG_WARN_BOOL_CONVERSION = YES;
				CLANG_WARN_CONSTANT_CONVERSION = YES;
				CLANG_WARN_DIRECT_OBJC_ISA_USAGE = YES_ERROR;
				CLANG_WARN_DOCUMENTATION_COMMENTS = YES;
				CLANG_WARN_EMPTY_BODY = YES;
				CLANG_WARN_ENUM_CONVERSION = YES;
				CLANG_WARN_INFINITE_RECURSION = YES;
				CLANG_WARN_INT_CONVERSION = YES;
				CLANG_WARN_OBJC_ROOT_CLASS = YES_ERROR;
				CLANG_WARN_SUSPICIOUS_MOVE = YES;
				CLANG_WARN_UNREACHABLE_CODE = YES;
				CLANG_WARN__DUPLICATE_METHOD_MATCH = YES;
				"CODE_SIGN_IDENTITY[sdk=iphoneos*]" = "iPhone Developer";
				COPY_PHASE_STRIP = NO;
				DEBUG_INFORMATION_FORMAT = dwarf;
				ENABLE_STRICT_OBJC_MSGSEND = YES;
				ENABLE_TESTABILITY = YES;
				GCC_C_LANGUAGE_STANDARD = gnu99;
				GCC_DYNAMIC_NO_PIC = NO;
				GCC_NO_COMMON_BLOCKS = YES;
				GCC_OPTIMIZATION_LEVEL = 0;
				GCC_PREPROCESSOR_DEFINITIONS = (
					"DEBUG=1",
					"$(inherited)",
				);
				GCC_WARN_64_TO_32_BIT_CONVERSION = YES;
				GCC_WARN_ABOUT_RETURN_TYPE = YES_ERROR;
				GCC_WARN_UNDECLARED_SELECTOR = YES;
				GCC_WARN_UNINITIALIZED_AUTOS = YES_AGGRESSIVE;
				GCC_WARN_UNUSED_FUNCTION = YES;
				GCC_WARN_UNUSED_VARIABLE = YES;
				IPHONEOS_DEPLOYMENT_TARGET = 10.3;
				MTL_ENABLE_DEBUG_INFO = YES;
				ONLY_ACTIVE_ARCH = YES;
				SDKROOT = iphoneos;
				TARGETED_DEVICE_FAMILY = "1,2";
			};
			name = Debug;
		};
		98BB18231EC4E6A300641973 /* Release */ = {
			isa = XCBuildConfiguration;
			buildSettings = {
				ALWAYS_SEARCH_USER_PATHS = NO;
				CLANG_ANALYZER_NONNULL = YES;
				CLANG_ANALYZER_NUMBER_OBJECT_CONVERSION = YES_AGGRESSIVE;
				CLANG_CXX_LANGUAGE_STANDARD = "gnu++0x";
				CLANG_CXX_LIBRARY = "libc++";
				CLANG_ENABLE_MODULES = YES;
				CLANG_ENABLE_OBJC_ARC = NO;
				CLANG_WARN_BOOL_CONVERSION = YES;
				CLANG_WARN_CONSTANT_CONVERSION = YES;
				CLANG_WARN_DIRECT_OBJC_ISA_USAGE = YES_ERROR;
				CLANG_WARN_DOCUMENTATION_COMMENTS = YES;
				CLANG_WARN_EMPTY_BODY = YES;
				CLANG_WARN_ENUM_CONVERSION = YES;
				CLANG_WARN_INFINITE_RECURSION = YES;
				CLANG_WARN_INT_CONVERSION = YES;
				CLANG_WARN_OBJC_ROOT_CLASS = YES_ERROR;
				CLANG_WARN_SUSPICIOUS_MOVE = YES;
				CLANG_WARN_UNREACHABLE_CODE = YES;
				CLANG_WARN__DUPLICATE_METHOD_MATCH = YES;
				"CODE_SIGN_IDENTITY[sdk=iphoneos*]" = "iPhone Developer";
				COPY_PHASE_STRIP = NO;
				DEBUG_INFORMATION_FORMAT = "dwarf-with-dsym";
				ENABLE_NS_ASSERTIONS = NO;
				ENABLE_STRICT_OBJC_MSGSEND = YES;
				GCC_C_LANGUAGE_STANDARD = gnu99;
				GCC_NO_COMMON_BLOCKS = YES;
				GCC_WARN_64_TO_32_BIT_CONVERSION = YES;
				GCC_WARN_ABOUT_RETURN_TYPE = YES_ERROR;
				GCC_WARN_UNDECLARED_SELECTOR = YES;
				GCC_WARN_UNINITIALIZED_AUTOS = YES_AGGRESSIVE;
				GCC_WARN_UNUSED_FUNCTION = YES;
				GCC_WARN_UNUSED_VARIABLE = YES;
				IPHONEOS_DEPLOYMENT_TARGET = 10.3;
				MTL_ENABLE_DEBUG_INFO = NO;
				SDKROOT = iphoneos;
				TARGETED_DEVICE_FAMILY = "1,2";
				VALIDATE_PRODUCT = YES;
			};
			name = Release;
		};
		98BB18251EC4E6A300641973 /* Debug */ = {
			isa = XCBuildConfiguration;
			buildSettings = {
				ASSETCATALOG_COMPILER_APPICON_NAME = AppIcon;
				"CODE_SIGN_IDENTITY[sdk=iphoneos*]" = "iPhone Developer";
				DEVELOPMENT_TEAM = USB64ZNNP6;
				INFOPLIST_FILE = CalculatorUI/Info.plist;
				IPHONEOS_DEPLOYMENT_TARGET = 9.3;
				LD_RUNPATH_SEARCH_PATHS = "$(inherited) @executable_path/Frameworks";
				PRODUCT_BUNDLE_IDENTIFIER = "Mikhail-Yaskou.CalculatorUI";
				PRODUCT_NAME = "$(TARGET_NAME)";
				PROVISIONING_PROFILE_SPECIFIER = "";
			};
			name = Debug;
		};
		98BB18261EC4E6A300641973 /* Release */ = {
			isa = XCBuildConfiguration;
			buildSettings = {
				ASSETCATALOG_COMPILER_APPICON_NAME = AppIcon;
				"CODE_SIGN_IDENTITY[sdk=iphoneos*]" = "iPhone Developer";
				DEVELOPMENT_TEAM = USB64ZNNP6;
				INFOPLIST_FILE = CalculatorUI/Info.plist;
				IPHONEOS_DEPLOYMENT_TARGET = 9.3;
				LD_RUNPATH_SEARCH_PATHS = "$(inherited) @executable_path/Frameworks";
				PRODUCT_BUNDLE_IDENTIFIER = "Mikhail-Yaskou.CalculatorUI";
				PRODUCT_NAME = "$(TARGET_NAME)";
				PROVISIONING_PROFILE_SPECIFIER = "";
			};
			name = Release;
		};
/* End XCBuildConfiguration section */

/* Begin XCConfigurationList section */
		98BB18081EC4E6A200641973 /* Build configuration list for PBXProject "CalculatorUI" */ = {
			isa = XCConfigurationList;
			buildConfigurations = (
				98BB18221EC4E6A300641973 /* Debug */,
				98BB18231EC4E6A300641973 /* Release */,
			);
			defaultConfigurationIsVisible = 0;
			defaultConfigurationName = Release;
		};
		98BB18241EC4E6A300641973 /* Build configuration list for PBXNativeTarget "CalculatorUI" */ = {
			isa = XCConfigurationList;
			buildConfigurations = (
				98BB18251EC4E6A300641973 /* Debug */,
				98BB18261EC4E6A300641973 /* Release */,
			);
			defaultConfigurationIsVisible = 0;
			defaultConfigurationName = Release;
		};
/* End XCConfigurationList section */
	};
	rootObject = 98BB18051EC4E6A200641973 /* Project object */;
}
